// !$*UTF8*$!
{
	archiveVersion = 1;
	classes = {
	};
	objectVersion = 55;
	objects = {

/* Begin PBXBuildFile section */
		6E2B846A286EB1EA00A84D89 /* HeaderFMS.swift in Sources */ = {isa = PBXBuildFile; fileRef = 6E2B8469286EB1EA00A84D89 /* HeaderFMS.swift */; };
		6E2B846C286EB80F00A84D89 /* HeaderHCM.swift in Sources */ = {isa = PBXBuildFile; fileRef = 6E2B846B286EB80F00A84D89 /* HeaderHCM.swift */; };
		6E2B846E286EB87800A84D89 /* HeaderPPC.swift in Sources */ = {isa = PBXBuildFile; fileRef = 6E2B846D286EB87800A84D89 /* HeaderPPC.swift */; };
		6E2B8470286EB90A00A84D89 /* HeaderEAM.swift in Sources */ = {isa = PBXBuildFile; fileRef = 6E2B846F286EB90A00A84D89 /* HeaderEAM.swift */; };
		6E2B8472286EB95B00A84D89 /* HeaderCSC.swift in Sources */ = {isa = PBXBuildFile; fileRef = 6E2B8471286EB95B00A84D89 /* HeaderCSC.swift */; };
		6E2B8474286EBA1800A84D89 /* HeaderPIP.swift in Sources */ = {isa = PBXBuildFile; fileRef = 6E2B8473286EBA1800A84D89 /* HeaderPIP.swift */; };
		6E2B8476286EC51400A84D89 /* MultiplierListItem.swift in Sources */ = {isa = PBXBuildFile; fileRef = 6E2B8475286EC51400A84D89 /* MultiplierListItem.swift */; };
		6E3FD34528851A100015DBAF /* AppUtils.swift in Sources */ = {isa = PBXBuildFile; fileRef = 6E3FD34428851A100015DBAF /* AppUtils.swift */; };
		6E3FD34728851AE50015DBAF /* LoginModels.swift in Sources */ = {isa = PBXBuildFile; fileRef = 6E3FD34628851AE50015DBAF /* LoginModels.swift */; };
		6E3FD34928851C5F0015DBAF /* SignUpModels.swift in Sources */ = {isa = PBXBuildFile; fileRef = 6E3FD34828851C5F0015DBAF /* SignUpModels.swift */; };
		6E3FD34C28851D660015DBAF /* BaseViewModel.swift in Sources */ = {isa = PBXBuildFile; fileRef = 6E3FD34B28851D660015DBAF /* BaseViewModel.swift */; };
		6E3FD34E28852A630015DBAF /* NetworkUtils.swift in Sources */ = {isa = PBXBuildFile; fileRef = 6E3FD34D28852A630015DBAF /* NetworkUtils.swift */; };
		6E3FD350288539AC0015DBAF /* ApiService.swift in Sources */ = {isa = PBXBuildFile; fileRef = 6E3FD34F288539AC0015DBAF /* ApiService.swift */; };
		6E3FD352288588950015DBAF /* UserSessionManager.swift in Sources */ = {isa = PBXBuildFile; fileRef = 6E3FD351288588950015DBAF /* UserSessionManager.swift */; };
		6E3FD35428858B8A0015DBAF /* AppConstants.swift in Sources */ = {isa = PBXBuildFile; fileRef = 6E3FD35328858B8A0015DBAF /* AppConstants.swift */; };
		6E3FD358288598420015DBAF /* SpinLoaderView.swift in Sources */ = {isa = PBXBuildFile; fileRef = 6E3FD357288598420015DBAF /* SpinLoaderView.swift */; };
		6E594DC728964E9B004E4C2B /* AllProductsModels.swift in Sources */ = {isa = PBXBuildFile; fileRef = 6E594DC628964E9B004E4C2B /* AllProductsModels.swift */; };
		6E5F35EF288E669600177C04 /* SliderMultiplierListItem.swift in Sources */ = {isa = PBXBuildFile; fileRef = 6E5F35EE288E669600177C04 /* SliderMultiplierListItem.swift */; };
		6E6AC1D028B2166800A45641 /* DraggableBottomSheet.swift in Sources */ = {isa = PBXBuildFile; fileRef = 6E6AC1CF28B2166800A45641 /* DraggableBottomSheet.swift */; };
		6E6AC1D228B3EA8C00A45641 /* AppGlobalValues.swift in Sources */ = {isa = PBXBuildFile; fileRef = 6E6AC1D128B3EA8C00A45641 /* AppGlobalValues.swift */; };
		6E7B8557286B02BE005C158E /* ChipGroup.swift in Sources */ = {isa = PBXBuildFile; fileRef = 6E7B8556286B02BE005C158E /* ChipGroup.swift */; };
		6E7B8559286B033F005C158E /* ChipDataModel.swift in Sources */ = {isa = PBXBuildFile; fileRef = 6E7B8558286B033F005C158E /* ChipDataModel.swift */; };
		6E7B855B286B071E005C158E /* HeaderStart.swift in Sources */ = {isa = PBXBuildFile; fileRef = 6E7B855A286B071E005C158E /* HeaderStart.swift */; };
		6E8F1A4E288FACCB00E4C402 /* SliderItem.swift in Sources */ = {isa = PBXBuildFile; fileRef = 6E8F1A4D288FACCB00E4C402 /* SliderItem.swift */; };
		6E9EC097287FD51100E4B46D /* ServiceCustomizationView.swift in Sources */ = {isa = PBXBuildFile; fileRef = 6E9EC096287FD51100E4B46D /* ServiceCustomizationView.swift */; };
		6E9EC099287FE3B400E4B46D /* LoginView.swift in Sources */ = {isa = PBXBuildFile; fileRef = 6E9EC098287FE3B400E4B46D /* LoginView.swift */; };
		6E9EC09B287FE8A000E4B46D /* LoginVM.swift in Sources */ = {isa = PBXBuildFile; fileRef = 6E9EC09A287FE8A000E4B46D /* LoginVM.swift */; };
		6E9EC09D287FF24900E4B46D /* SignUpView.swift in Sources */ = {isa = PBXBuildFile; fileRef = 6E9EC09C287FF24900E4B46D /* SignUpView.swift */; };
		6E9EC09F287FF25B00E4B46D /* SignUpVM.swift in Sources */ = {isa = PBXBuildFile; fileRef = 6E9EC09E287FF25B00E4B46D /* SignUpVM.swift */; };
		6EAA05702852FEA100902DE2 /* ModuleListItemView.swift in Sources */ = {isa = PBXBuildFile; fileRef = 6EAA056F2852FEA100902DE2 /* ModuleListItemView.swift */; };
		6EAA05722852FEF900902DE2 /* SubModuleListItem.swift in Sources */ = {isa = PBXBuildFile; fileRef = 6EAA05712852FEF900902DE2 /* SubModuleListItem.swift */; };
		6EAAB85C2853D80D00332087 /* Extensions.swift in Sources */ = {isa = PBXBuildFile; fileRef = 6EAAB85B2853D80D00332087 /* Extensions.swift */; };
		6EAAB85F2853E98400332087 /* SubModuleListItemView.swift in Sources */ = {isa = PBXBuildFile; fileRef = 6EAAB85E2853E98400332087 /* SubModuleListItemView.swift */; };
		6EAAB8612853ED3300332087 /* FeatureListItemView.swift in Sources */ = {isa = PBXBuildFile; fileRef = 6EAAB8602853ED3300332087 /* FeatureListItemView.swift */; };
		6EAD3BEC28870CF300EDB6F3 /* SummaryModels.swift in Sources */ = {isa = PBXBuildFile; fileRef = 6EAD3BEB28870CF300EDB6F3 /* SummaryModels.swift */; };
		6EAD3BEE2887C2BE00EDB6F3 /* SummaryResponseModels.swift in Sources */ = {isa = PBXBuildFile; fileRef = 6EAD3BED2887C2BE00EDB6F3 /* SummaryResponseModels.swift */; };
		6EAE9DEB284F7BCF0002DBEE /* divine.json in Resources */ = {isa = PBXBuildFile; fileRef = 6EAE9DEA284F7BCF0002DBEE /* divine.json */; };
		6EBF770E287F269B00C42339 /* DashboardView.swift in Sources */ = {isa = PBXBuildFile; fileRef = 6EBF770D287F269B00C42339 /* DashboardView.swift */; };
		6EBF7710287F26B500C42339 /* DashboardVM.swift in Sources */ = {isa = PBXBuildFile; fileRef = 6EBF770F287F26B500C42339 /* DashboardVM.swift */; };
		6EBF7712287F26DE00C42339 /* DashboardModels.swift in Sources */ = {isa = PBXBuildFile; fileRef = 6EBF7711287F26DE00C42339 /* DashboardModels.swift */; };
		6EBF7715287F2B5D00C42339 /* DashboardListItem.swift in Sources */ = {isa = PBXBuildFile; fileRef = 6EBF7714287F2B5D00C42339 /* DashboardListItem.swift */; };
		E603EAB42846380B0066BD07 /* Assets.xcassets in Resources */ = {isa = PBXBuildFile; fileRef = E603EAB32846380B0066BD07 /* Assets.xcassets */; };
		E603EAB72846380B0066BD07 /* Preview Assets.xcassets in Resources */ = {isa = PBXBuildFile; fileRef = E603EAB62846380B0066BD07 /* Preview Assets.xcassets */; };
		E603EAC8284638A30066BD07 /* PrismERP.swift in Sources */ = {isa = PBXBuildFile; fileRef = E603EABE284638A30066BD07 /* PrismERP.swift */; };
		E603EACA284638A30066BD07 /* Networking.swift in Sources */ = {isa = PBXBuildFile; fileRef = E603EAC1284638A30066BD07 /* Networking.swift */; };
		E603EACB284638A30066BD07 /* ButtonStyle.swift in Sources */ = {isa = PBXBuildFile; fileRef = E603EAC3284638A30066BD07 /* ButtonStyle.swift */; };
		E603EACD284638A30066BD07 /* TextStyle.swift in Sources */ = {isa = PBXBuildFile; fileRef = E603EAC5284638A30066BD07 /* TextStyle.swift */; };
		E603EACE284638A30066BD07 /* AppState.swift in Sources */ = {isa = PBXBuildFile; fileRef = E603EAC7284638A30066BD07 /* AppState.swift */; };
		E603EAD228463AA40066BD07 /* PriceCalculatorView.swift in Sources */ = {isa = PBXBuildFile; fileRef = E603EAD128463AA40066BD07 /* PriceCalculatorView.swift */; };
		E603EAD428463AB90066BD07 /* PriceCalculatorVM.swift in Sources */ = {isa = PBXBuildFile; fileRef = E603EAD328463AB90066BD07 /* PriceCalculatorVM.swift */; };
		E603EAD728477CBA0066BD07 /* PrismPriceCalculatorApp.swift in Sources */ = {isa = PBXBuildFile; fileRef = E603EAD628477CBA0066BD07 /* PrismPriceCalculatorApp.swift */; };
		E64FA8D1284DD886009EA9E2 /* AppleDemo.swift in Sources */ = {isa = PBXBuildFile; fileRef = E64FA8C1284DD886009EA9E2 /* AppleDemo.swift */; };
		E64FA8DD284DD886009EA9E2 /* SwiftUISideMenu.swift in Sources */ = {isa = PBXBuildFile; fileRef = E64FA8D0284DD886009EA9E2 /* SwiftUISideMenu.swift */; };
		E65057EE2854A1E100FF9CB9 /* SummaryView.swift in Sources */ = {isa = PBXBuildFile; fileRef = E65057ED2854A1E100FF9CB9 /* SummaryView.swift */; };
/* End PBXBuildFile section */

/* Begin PBXFileReference section */
		6E2B8469286EB1EA00A84D89 /* HeaderFMS.swift */ = {isa = PBXFileReference; lastKnownFileType = sourcecode.swift; path = HeaderFMS.swift; sourceTree = "<group>"; };
		6E2B846B286EB80F00A84D89 /* HeaderHCM.swift */ = {isa = PBXFileReference; lastKnownFileType = sourcecode.swift; path = HeaderHCM.swift; sourceTree = "<group>"; };
		6E2B846D286EB87800A84D89 /* HeaderPPC.swift */ = {isa = PBXFileReference; lastKnownFileType = sourcecode.swift; path = HeaderPPC.swift; sourceTree = "<group>"; };
		6E2B846F286EB90A00A84D89 /* HeaderEAM.swift */ = {isa = PBXFileReference; lastKnownFileType = sourcecode.swift; path = HeaderEAM.swift; sourceTree = "<group>"; };
		6E2B8471286EB95B00A84D89 /* HeaderCSC.swift */ = {isa = PBXFileReference; lastKnownFileType = sourcecode.swift; path = HeaderCSC.swift; sourceTree = "<group>"; };
		6E2B8473286EBA1800A84D89 /* HeaderPIP.swift */ = {isa = PBXFileReference; lastKnownFileType = sourcecode.swift; path = HeaderPIP.swift; sourceTree = "<group>"; };
		6E2B8475286EC51400A84D89 /* MultiplierListItem.swift */ = {isa = PBXFileReference; lastKnownFileType = sourcecode.swift; path = MultiplierListItem.swift; sourceTree = "<group>"; };
		6E3FD34428851A100015DBAF /* AppUtils.swift */ = {isa = PBXFileReference; lastKnownFileType = sourcecode.swift; path = AppUtils.swift; sourceTree = "<group>"; };
		6E3FD34628851AE50015DBAF /* LoginModels.swift */ = {isa = PBXFileReference; lastKnownFileType = sourcecode.swift; path = LoginModels.swift; sourceTree = "<group>"; };
		6E3FD34828851C5F0015DBAF /* SignUpModels.swift */ = {isa = PBXFileReference; lastKnownFileType = sourcecode.swift; path = SignUpModels.swift; sourceTree = "<group>"; };
		6E3FD34B28851D660015DBAF /* BaseViewModel.swift */ = {isa = PBXFileReference; lastKnownFileType = sourcecode.swift; path = BaseViewModel.swift; sourceTree = "<group>"; };
		6E3FD34D28852A630015DBAF /* NetworkUtils.swift */ = {isa = PBXFileReference; lastKnownFileType = sourcecode.swift; path = NetworkUtils.swift; sourceTree = "<group>"; };
		6E3FD34F288539AC0015DBAF /* ApiService.swift */ = {isa = PBXFileReference; lastKnownFileType = sourcecode.swift; path = ApiService.swift; sourceTree = "<group>"; };
		6E3FD351288588950015DBAF /* UserSessionManager.swift */ = {isa = PBXFileReference; lastKnownFileType = sourcecode.swift; path = UserSessionManager.swift; sourceTree = "<group>"; };
		6E3FD35328858B8A0015DBAF /* AppConstants.swift */ = {isa = PBXFileReference; lastKnownFileType = sourcecode.swift; path = AppConstants.swift; sourceTree = "<group>"; };
		6E3FD357288598420015DBAF /* SpinLoaderView.swift */ = {isa = PBXFileReference; lastKnownFileType = sourcecode.swift; path = SpinLoaderView.swift; sourceTree = "<group>"; };
		6E594DC628964E9B004E4C2B /* AllProductsModels.swift */ = {isa = PBXFileReference; lastKnownFileType = sourcecode.swift; path = AllProductsModels.swift; sourceTree = "<group>"; };
		6E5F35EE288E669600177C04 /* SliderMultiplierListItem.swift */ = {isa = PBXFileReference; lastKnownFileType = sourcecode.swift; path = SliderMultiplierListItem.swift; sourceTree = "<group>"; };
		6E6AC1CF28B2166800A45641 /* DraggableBottomSheet.swift */ = {isa = PBXFileReference; lastKnownFileType = sourcecode.swift; path = DraggableBottomSheet.swift; sourceTree = "<group>"; };
		6E6AC1D128B3EA8C00A45641 /* AppGlobalValues.swift */ = {isa = PBXFileReference; lastKnownFileType = sourcecode.swift; path = AppGlobalValues.swift; sourceTree = "<group>"; };
		6E7B8556286B02BE005C158E /* ChipGroup.swift */ = {isa = PBXFileReference; lastKnownFileType = sourcecode.swift; path = ChipGroup.swift; sourceTree = "<group>"; };
		6E7B8558286B033F005C158E /* ChipDataModel.swift */ = {isa = PBXFileReference; lastKnownFileType = sourcecode.swift; path = ChipDataModel.swift; sourceTree = "<group>"; };
		6E7B855A286B071E005C158E /* HeaderStart.swift */ = {isa = PBXFileReference; lastKnownFileType = sourcecode.swift; path = HeaderStart.swift; sourceTree = "<group>"; };
		6E8F1A4D288FACCB00E4C402 /* SliderItem.swift */ = {isa = PBXFileReference; lastKnownFileType = sourcecode.swift; path = SliderItem.swift; sourceTree = "<group>"; };
		6E9EC096287FD51100E4B46D /* ServiceCustomizationView.swift */ = {isa = PBXFileReference; lastKnownFileType = sourcecode.swift; path = ServiceCustomizationView.swift; sourceTree = "<group>"; };
		6E9EC098287FE3B400E4B46D /* LoginView.swift */ = {isa = PBXFileReference; lastKnownFileType = sourcecode.swift; path = LoginView.swift; sourceTree = "<group>"; };
		6E9EC09A287FE8A000E4B46D /* LoginVM.swift */ = {isa = PBXFileReference; lastKnownFileType = sourcecode.swift; path = LoginVM.swift; sourceTree = "<group>"; };
		6E9EC09C287FF24900E4B46D /* SignUpView.swift */ = {isa = PBXFileReference; lastKnownFileType = sourcecode.swift; path = SignUpView.swift; sourceTree = "<group>"; };
		6E9EC09E287FF25B00E4B46D /* SignUpVM.swift */ = {isa = PBXFileReference; lastKnownFileType = sourcecode.swift; path = SignUpVM.swift; sourceTree = "<group>"; };
		6EAA056F2852FEA100902DE2 /* ModuleListItemView.swift */ = {isa = PBXFileReference; lastKnownFileType = sourcecode.swift; path = ModuleListItemView.swift; sourceTree = "<group>"; };
		6EAA05712852FEF900902DE2 /* SubModuleListItem.swift */ = {isa = PBXFileReference; lastKnownFileType = sourcecode.swift; path = SubModuleListItem.swift; sourceTree = "<group>"; };
		6EAAB85B2853D80D00332087 /* Extensions.swift */ = {isa = PBXFileReference; lastKnownFileType = sourcecode.swift; path = Extensions.swift; sourceTree = "<group>"; };
		6EAAB85E2853E98400332087 /* SubModuleListItemView.swift */ = {isa = PBXFileReference; lastKnownFileType = sourcecode.swift; path = SubModuleListItemView.swift; sourceTree = "<group>"; };
		6EAAB8602853ED3300332087 /* FeatureListItemView.swift */ = {isa = PBXFileReference; lastKnownFileType = sourcecode.swift; path = FeatureListItemView.swift; sourceTree = "<group>"; };
		6EAD3BEB28870CF300EDB6F3 /* SummaryModels.swift */ = {isa = PBXFileReference; lastKnownFileType = sourcecode.swift; path = SummaryModels.swift; sourceTree = "<group>"; };
		6EAD3BED2887C2BE00EDB6F3 /* SummaryResponseModels.swift */ = {isa = PBXFileReference; lastKnownFileType = sourcecode.swift; path = SummaryResponseModels.swift; sourceTree = "<group>"; };
		6EAE9DEA284F7BCF0002DBEE /* divine.json */ = {isa = PBXFileReference; fileEncoding = 4; lastKnownFileType = text.json; path = divine.json; sourceTree = "<group>"; };
		6EBF770D287F269B00C42339 /* DashboardView.swift */ = {isa = PBXFileReference; lastKnownFileType = sourcecode.swift; path = DashboardView.swift; sourceTree = "<group>"; };
		6EBF770F287F26B500C42339 /* DashboardVM.swift */ = {isa = PBXFileReference; lastKnownFileType = sourcecode.swift; path = DashboardVM.swift; sourceTree = "<group>"; };
		6EBF7711287F26DE00C42339 /* DashboardModels.swift */ = {isa = PBXFileReference; lastKnownFileType = sourcecode.swift; path = DashboardModels.swift; sourceTree = "<group>"; };
		6EBF7714287F2B5D00C42339 /* DashboardListItem.swift */ = {isa = PBXFileReference; lastKnownFileType = sourcecode.swift; path = DashboardListItem.swift; sourceTree = "<group>"; };
		E603EAAC284638090066BD07 /* Store.app */ = {isa = PBXFileReference; explicitFileType = wrapper.application; includeInIndex = 0; path = Store.app; sourceTree = BUILT_PRODUCTS_DIR; };
		E603EAB32846380B0066BD07 /* Assets.xcassets */ = {isa = PBXFileReference; lastKnownFileType = folder.assetcatalog; path = Assets.xcassets; sourceTree = "<group>"; };
		E603EAB62846380B0066BD07 /* Preview Assets.xcassets */ = {isa = PBXFileReference; lastKnownFileType = folder.assetcatalog; path = "Preview Assets.xcassets"; sourceTree = "<group>"; };
		E603EABE284638A30066BD07 /* PrismERP.swift */ = {isa = PBXFileReference; fileEncoding = 4; lastKnownFileType = sourcecode.swift; path = PrismERP.swift; sourceTree = "<group>"; };
		E603EAC1284638A30066BD07 /* Networking.swift */ = {isa = PBXFileReference; fileEncoding = 4; lastKnownFileType = sourcecode.swift; path = Networking.swift; sourceTree = "<group>"; };
		E603EAC3284638A30066BD07 /* ButtonStyle.swift */ = {isa = PBXFileReference; fileEncoding = 4; lastKnownFileType = sourcecode.swift; path = ButtonStyle.swift; sourceTree = "<group>"; };
		E603EAC5284638A30066BD07 /* TextStyle.swift */ = {isa = PBXFileReference; fileEncoding = 4; lastKnownFileType = sourcecode.swift; path = TextStyle.swift; sourceTree = "<group>"; };
		E603EAC7284638A30066BD07 /* AppState.swift */ = {isa = PBXFileReference; fileEncoding = 4; lastKnownFileType = sourcecode.swift; path = AppState.swift; sourceTree = "<group>"; };
		E603EAD128463AA40066BD07 /* PriceCalculatorView.swift */ = {isa = PBXFileReference; lastKnownFileType = sourcecode.swift; path = PriceCalculatorView.swift; sourceTree = "<group>"; };
		E603EAD328463AB90066BD07 /* PriceCalculatorVM.swift */ = {isa = PBXFileReference; lastKnownFileType = sourcecode.swift; path = PriceCalculatorVM.swift; sourceTree = "<group>"; };
		E603EAD628477CBA0066BD07 /* PrismPriceCalculatorApp.swift */ = {isa = PBXFileReference; fileEncoding = 4; lastKnownFileType = sourcecode.swift; path = PrismPriceCalculatorApp.swift; sourceTree = "<group>"; };
		E64FA8C1284DD886009EA9E2 /* AppleDemo.swift */ = {isa = PBXFileReference; fileEncoding = 4; lastKnownFileType = sourcecode.swift; path = AppleDemo.swift; sourceTree = "<group>"; };
		E64FA8D0284DD886009EA9E2 /* SwiftUISideMenu.swift */ = {isa = PBXFileReference; fileEncoding = 4; lastKnownFileType = sourcecode.swift; path = SwiftUISideMenu.swift; sourceTree = "<group>"; };
		E65057ED2854A1E100FF9CB9 /* SummaryView.swift */ = {isa = PBXFileReference; lastKnownFileType = sourcecode.swift; path = SummaryView.swift; sourceTree = "<group>"; };
/* End PBXFileReference section */

/* Begin PBXFrameworksBuildPhase section */
		E603EAA9284638090066BD07 /* Frameworks */ = {
			isa = PBXFrameworksBuildPhase;
			buildActionMask = 2147483647;
			files = (
			);
			runOnlyForDeploymentPostprocessing = 0;
		};
/* End PBXFrameworksBuildPhase section */

/* Begin PBXGroup section */
		6E3FD34A28851D500015DBAF /* base */ = {
			isa = PBXGroup;
			children = (
				6E3FD34B28851D660015DBAF /* BaseViewModel.swift */,
			);
			path = base;
			sourceTree = "<group>";
		};
		6E6AC1CE28B2164B00A45641 /* DraggableBottomSheet */ = {
			isa = PBXGroup;
			children = (
				6E6AC1CF28B2166800A45641 /* DraggableBottomSheet.swift */,
			);
			path = DraggableBottomSheet;
			sourceTree = "<group>";
		};
		6E7B8553286AFFED005C158E /* CustomViews */ = {
			isa = PBXGroup;
			children = (
				6E7B8556286B02BE005C158E /* ChipGroup.swift */,
				6E3FD357288598420015DBAF /* SpinLoaderView.swift */,
			);
			path = CustomViews;
			sourceTree = "<group>";
		};
		6EAAB85A2853D7E200332087 /* Utils */ = {
			isa = PBXGroup;
			children = (
				6EAAB85B2853D80D00332087 /* Extensions.swift */,
				6E3FD34428851A100015DBAF /* AppUtils.swift */,
				6E3FD34D28852A630015DBAF /* NetworkUtils.swift */,
				6E3FD34F288539AC0015DBAF /* ApiService.swift */,
				6E3FD35328858B8A0015DBAF /* AppConstants.swift */,
				6E6AC1D128B3EA8C00A45641 /* AppGlobalValues.swift */,
			);
			path = Utils;
			sourceTree = "<group>";
		};
		6EAE9DE9284F7AEF0002DBEE /* Raw Data */ = {
			isa = PBXGroup;
			children = (
				6EAE9DEA284F7BCF0002DBEE /* divine.json */,
			);
			path = "Raw Data";
			sourceTree = "<group>";
		};
		E603EAA3284638090066BD07 = {
			isa = PBXGroup;
			children = (
				E603EAAE284638090066BD07 /* PrismPriceCalculator */,
				E603EAAD284638090066BD07 /* Products */,
			);
			sourceTree = "<group>";
		};
		E603EAAD284638090066BD07 /* Products */ = {
			isa = PBXGroup;
			children = (
				E603EAAC284638090066BD07 /* Store.app */,
			);
			name = Products;
			sourceTree = "<group>";
		};
		E603EAAE284638090066BD07 /* PrismPriceCalculator */ = {
			isa = PBXGroup;
			children = (
				6E3FD34A28851D500015DBAF /* base */,
				E603EAB32846380B0066BD07 /* Assets.xcassets */,
				E603EAD528477CBA0066BD07 /* App */,
				E603EAC2284638A30066BD07 /* Component Styles */,
				E603EAC6284638A30066BD07 /* Global State */,
				E64FA8C0284DD886009EA9E2 /* Libraries */,
				E603EABD284638A30066BD07 /* Models */,
				E603EAB52846380B0066BD07 /* Preview Content */,
				6EAE9DE9284F7AEF0002DBEE /* Raw Data */,
				E603EAC0284638A30066BD07 /* Service Layer */,
				6EAAB85A2853D7E200332087 /* Utils */,
				E603EACF28463A3A0066BD07 /* Views */,
			);
			path = PrismPriceCalculator;
			sourceTree = "<group>";
		};
		E603EAB52846380B0066BD07 /* Preview Content */ = {
			isa = PBXGroup;
			children = (
				E603EAB62846380B0066BD07 /* Preview Assets.xcassets */,
			);
			path = "Preview Content";
			sourceTree = "<group>";
		};
		E603EABD284638A30066BD07 /* Models */ = {
			isa = PBXGroup;
			children = (
				E603EABE284638A30066BD07 /* PrismERP.swift */,
				6E7B8558286B033F005C158E /* ChipDataModel.swift */,
				6EBF7711287F26DE00C42339 /* DashboardModels.swift */,
				6E3FD34628851AE50015DBAF /* LoginModels.swift */,
				6E3FD34828851C5F0015DBAF /* SignUpModels.swift */,
				6EAD3BEB28870CF300EDB6F3 /* SummaryModels.swift */,
				6EAD3BED2887C2BE00EDB6F3 /* SummaryResponseModels.swift */,
				6E594DC628964E9B004E4C2B /* AllProductsModels.swift */,
			);
			path = Models;
			sourceTree = "<group>";
		};
		E603EAC0284638A30066BD07 /* Service Layer */ = {
			isa = PBXGroup;
			children = (
				E603EAC1284638A30066BD07 /* Networking.swift */,
			);
			path = "Service Layer";
			sourceTree = "<group>";
		};
		E603EAC2284638A30066BD07 /* Component Styles */ = {
			isa = PBXGroup;
			children = (
				E603EAC3284638A30066BD07 /* ButtonStyle.swift */,
				E603EAC5284638A30066BD07 /* TextStyle.swift */,
			);
			path = "Component Styles";
			sourceTree = "<group>";
		};
		E603EAC6284638A30066BD07 /* Global State */ = {
			isa = PBXGroup;
			children = (
				E603EAC7284638A30066BD07 /* AppState.swift */,
				6E3FD351288588950015DBAF /* UserSessionManager.swift */,
			);
			path = "Global State";
			sourceTree = "<group>";
		};
		E603EACF28463A3A0066BD07 /* Views */ = {
			isa = PBXGroup;
			children = (
				6E7B8553286AFFED005C158E /* CustomViews */,
				E603EAD028463A850066BD07 /* PriceCalculator */,
			);
			path = Views;
			sourceTree = "<group>";
		};
		E603EAD028463A850066BD07 /* PriceCalculator */ = {
			isa = PBXGroup;
			children = (
				6EBF7714287F2B5D00C42339 /* DashboardListItem.swift */,
				6EBF770D287F269B00C42339 /* DashboardView.swift */,
				6EBF770F287F26B500C42339 /* DashboardVM.swift */,
				6EAAB8602853ED3300332087 /* FeatureListItemView.swift */,
				6E2B8471286EB95B00A84D89 /* HeaderCSC.swift */,
				6E2B846F286EB90A00A84D89 /* HeaderEAM.swift */,
				6E2B8469286EB1EA00A84D89 /* HeaderFMS.swift */,
				6E2B846B286EB80F00A84D89 /* HeaderHCM.swift */,
				6E2B8473286EBA1800A84D89 /* HeaderPIP.swift */,
				6E2B846D286EB87800A84D89 /* HeaderPPC.swift */,
				6E7B855A286B071E005C158E /* HeaderStart.swift */,
				6EAA056F2852FEA100902DE2 /* ModuleListItemView.swift */,
				6E2B8475286EC51400A84D89 /* MultiplierListItem.swift */,
				E603EAD128463AA40066BD07 /* PriceCalculatorView.swift */,
				E603EAD328463AB90066BD07 /* PriceCalculatorVM.swift */,
				6EAA05712852FEF900902DE2 /* SubModuleListItem.swift */,
				6EAAB85E2853E98400332087 /* SubModuleListItemView.swift */,
				E65057ED2854A1E100FF9CB9 /* SummaryView.swift */,
				6E9EC096287FD51100E4B46D /* ServiceCustomizationView.swift */,
				6E9EC098287FE3B400E4B46D /* LoginView.swift */,
				6E9EC09A287FE8A000E4B46D /* LoginVM.swift */,
				6E9EC09C287FF24900E4B46D /* SignUpView.swift */,
				6E9EC09E287FF25B00E4B46D /* SignUpVM.swift */,
				6E5F35EE288E669600177C04 /* SliderMultiplierListItem.swift */,
				6E8F1A4D288FACCB00E4C402 /* SliderItem.swift */,
			);
			path = PriceCalculator;
			sourceTree = "<group>";
		};
		E603EAD528477CBA0066BD07 /* App */ = {
			isa = PBXGroup;
			children = (
				E603EAD628477CBA0066BD07 /* PrismPriceCalculatorApp.swift */,
			);
			path = App;
			sourceTree = "<group>";
		};
		E64FA8C0284DD886009EA9E2 /* Libraries */ = {
			isa = PBXGroup;
			children = (
				6E6AC1CE28B2164B00A45641 /* DraggableBottomSheet */,
				E64FA8C1284DD886009EA9E2 /* AppleDemo.swift */,
				E64FA8D0284DD886009EA9E2 /* SwiftUISideMenu.swift */,
			);
			path = Libraries;
			sourceTree = "<group>";
		};
/* End PBXGroup section */

/* Begin PBXNativeTarget section */
		E603EAAB284638090066BD07 /* PrismPriceCalculator */ = {
			isa = PBXNativeTarget;
			buildConfigurationList = E603EABA2846380B0066BD07 /* Build configuration list for PBXNativeTarget "PrismPriceCalculator" */;
			buildPhases = (
				E603EAA8284638090066BD07 /* Sources */,
				E603EAA9284638090066BD07 /* Frameworks */,
				E603EAAA284638090066BD07 /* Resources */,
			);
			buildRules = (
			);
			dependencies = (
			);
			name = PrismPriceCalculator;
			productName = PrismPriceCalculator;
			productReference = E603EAAC284638090066BD07 /* Store.app */;
			productType = "com.apple.product-type.application";
		};
/* End PBXNativeTarget section */

/* Begin PBXProject section */
		E603EAA4284638090066BD07 /* Project object */ = {
			isa = PBXProject;
			attributes = {
				BuildIndependentTargetsInParallel = 1;
				LastSwiftUpdateCheck = 1320;
				LastUpgradeCheck = 1320;
				TargetAttributes = {
					E603EAAB284638090066BD07 = {
						CreatedOnToolsVersion = 13.2.1;
					};
				};
			};
			buildConfigurationList = E603EAA7284638090066BD07 /* Build configuration list for PBXProject "PrismPriceCalculator" */;
			compatibilityVersion = "Xcode 13.0";
			developmentRegion = en;
			hasScannedForEncodings = 0;
			knownRegions = (
				en,
				Base,
			);
			mainGroup = E603EAA3284638090066BD07;
			productRefGroup = E603EAAD284638090066BD07 /* Products */;
			projectDirPath = "";
			projectRoot = "";
			targets = (
				E603EAAB284638090066BD07 /* PrismPriceCalculator */,
			);
		};
/* End PBXProject section */

/* Begin PBXResourcesBuildPhase section */
		E603EAAA284638090066BD07 /* Resources */ = {
			isa = PBXResourcesBuildPhase;
			buildActionMask = 2147483647;
			files = (
				E603EAB72846380B0066BD07 /* Preview Assets.xcassets in Resources */,
				6EAE9DEB284F7BCF0002DBEE /* divine.json in Resources */,
				E603EAB42846380B0066BD07 /* Assets.xcassets in Resources */,
			);
			runOnlyForDeploymentPostprocessing = 0;
		};
/* End PBXResourcesBuildPhase section */

/* Begin PBXSourcesBuildPhase section */
		E603EAA8284638090066BD07 /* Sources */ = {
			isa = PBXSourcesBuildPhase;
			buildActionMask = 2147483647;
			files = (
				E65057EE2854A1E100FF9CB9 /* SummaryView.swift in Sources */,
				6E9EC09F287FF25B00E4B46D /* SignUpVM.swift in Sources */,
				6E2B846E286EB87800A84D89 /* HeaderPPC.swift in Sources */,
				6E2B8476286EC51400A84D89 /* MultiplierListItem.swift in Sources */,
				6E8F1A4E288FACCB00E4C402 /* SliderItem.swift in Sources */,
				6E2B8472286EB95B00A84D89 /* HeaderCSC.swift in Sources */,
				E603EAD228463AA40066BD07 /* PriceCalculatorView.swift in Sources */,
				E603EACD284638A30066BD07 /* TextStyle.swift in Sources */,
				6E3FD34728851AE50015DBAF /* LoginModels.swift in Sources */,
				6E9EC099287FE3B400E4B46D /* LoginView.swift in Sources */,
				6EAAB8612853ED3300332087 /* FeatureListItemView.swift in Sources */,
				E603EAD428463AB90066BD07 /* PriceCalculatorVM.swift in Sources */,
				6E9EC09B287FE8A000E4B46D /* LoginVM.swift in Sources */,
				E603EAC8284638A30066BD07 /* PrismERP.swift in Sources */,
				6E9EC097287FD51100E4B46D /* ServiceCustomizationView.swift in Sources */,
				E603EACE284638A30066BD07 /* AppState.swift in Sources */,
				6E9EC09D287FF24900E4B46D /* SignUpView.swift in Sources */,
				6E3FD35428858B8A0015DBAF /* AppConstants.swift in Sources */,
				E603EACA284638A30066BD07 /* Networking.swift in Sources */,
				E64FA8D1284DD886009EA9E2 /* AppleDemo.swift in Sources */,
				6E3FD352288588950015DBAF /* UserSessionManager.swift in Sources */,
				6E5F35EF288E669600177C04 /* SliderMultiplierListItem.swift in Sources */,
				6E2B846C286EB80F00A84D89 /* HeaderHCM.swift in Sources */,
				6E2B8470286EB90A00A84D89 /* HeaderEAM.swift in Sources */,
				6EAA05722852FEF900902DE2 /* SubModuleListItem.swift in Sources */,
				6EAA05702852FEA100902DE2 /* ModuleListItemView.swift in Sources */,
				6E6AC1D028B2166800A45641 /* DraggableBottomSheet.swift in Sources */,
				E603EACB284638A30066BD07 /* ButtonStyle.swift in Sources */,
				6E2B8474286EBA1800A84D89 /* HeaderPIP.swift in Sources */,
				6EAD3BEE2887C2BE00EDB6F3 /* SummaryResponseModels.swift in Sources */,
				6E594DC728964E9B004E4C2B /* AllProductsModels.swift in Sources */,
				6EAAB85F2853E98400332087 /* SubModuleListItemView.swift in Sources */,
				6E3FD34C28851D660015DBAF /* BaseViewModel.swift in Sources */,
				6EBF7715287F2B5D00C42339 /* DashboardListItem.swift in Sources */,
				6E3FD34928851C5F0015DBAF /* SignUpModels.swift in Sources */,
				6EBF7710287F26B500C42339 /* DashboardVM.swift in Sources */,
				6E6AC1D228B3EA8C00A45641 /* AppGlobalValues.swift in Sources */,
				6EBF7712287F26DE00C42339 /* DashboardModels.swift in Sources */,
				6EBF770E287F269B00C42339 /* DashboardView.swift in Sources */,
				E64FA8DD284DD886009EA9E2 /* SwiftUISideMenu.swift in Sources */,
				6E7B8559286B033F005C158E /* ChipDataModel.swift in Sources */,
				6E2B846A286EB1EA00A84D89 /* HeaderFMS.swift in Sources */,
				6EAAB85C2853D80D00332087 /* Extensions.swift in Sources */,
				6E3FD34528851A100015DBAF /* AppUtils.swift in Sources */,
				6EAD3BEC28870CF300EDB6F3 /* SummaryModels.swift in Sources */,
				6E3FD350288539AC0015DBAF /* ApiService.swift in Sources */,
				6E7B855B286B071E005C158E /* HeaderStart.swift in Sources */,
				E603EAD728477CBA0066BD07 /* PrismPriceCalculatorApp.swift in Sources */,
				6E3FD34E28852A630015DBAF /* NetworkUtils.swift in Sources */,
				6E3FD358288598420015DBAF /* SpinLoaderView.swift in Sources */,
				6E7B8557286B02BE005C158E /* ChipGroup.swift in Sources */,
			);
			runOnlyForDeploymentPostprocessing = 0;
		};
/* End PBXSourcesBuildPhase section */

/* Begin XCBuildConfiguration section */
		E603EAB82846380B0066BD07 /* Debug */ = {
			isa = XCBuildConfiguration;
			buildSettings = {
				ALWAYS_SEARCH_USER_PATHS = NO;
				CLANG_ANALYZER_NONNULL = YES;
				CLANG_ANALYZER_NUMBER_OBJECT_CONVERSION = YES_AGGRESSIVE;
				CLANG_CXX_LANGUAGE_STANDARD = "gnu++17";
				CLANG_CXX_LIBRARY = "libc++";
				CLANG_ENABLE_MODULES = YES;
				CLANG_ENABLE_OBJC_ARC = YES;
				CLANG_ENABLE_OBJC_WEAK = YES;
				CLANG_WARN_BLOCK_CAPTURE_AUTORELEASING = YES;
				CLANG_WARN_BOOL_CONVERSION = YES;
				CLANG_WARN_COMMA = YES;
				CLANG_WARN_CONSTANT_CONVERSION = YES;
				CLANG_WARN_DEPRECATED_OBJC_IMPLEMENTATIONS = YES;
				CLANG_WARN_DIRECT_OBJC_ISA_USAGE = YES_ERROR;
				CLANG_WARN_DOCUMENTATION_COMMENTS = YES;
				CLANG_WARN_EMPTY_BODY = YES;
				CLANG_WARN_ENUM_CONVERSION = YES;
				CLANG_WARN_INFINITE_RECURSION = YES;
				CLANG_WARN_INT_CONVERSION = YES;
				CLANG_WARN_NON_LITERAL_NULL_CONVERSION = YES;
				CLANG_WARN_OBJC_IMPLICIT_RETAIN_SELF = YES;
				CLANG_WARN_OBJC_LITERAL_CONVERSION = YES;
				CLANG_WARN_OBJC_ROOT_CLASS = YES_ERROR;
				CLANG_WARN_QUOTED_INCLUDE_IN_FRAMEWORK_HEADER = YES;
				CLANG_WARN_RANGE_LOOP_ANALYSIS = YES;
				CLANG_WARN_STRICT_PROTOTYPES = YES;
				CLANG_WARN_SUSPICIOUS_MOVE = YES;
				CLANG_WARN_UNGUARDED_AVAILABILITY = YES_AGGRESSIVE;
				CLANG_WARN_UNREACHABLE_CODE = YES;
				CLANG_WARN__DUPLICATE_METHOD_MATCH = YES;
				COPY_PHASE_STRIP = NO;
				DEBUG_INFORMATION_FORMAT = dwarf;
				ENABLE_STRICT_OBJC_MSGSEND = YES;
				ENABLE_TESTABILITY = YES;
				GCC_C_LANGUAGE_STANDARD = gnu11;
				GCC_DYNAMIC_NO_PIC = NO;
				GCC_NO_COMMON_BLOCKS = YES;
				GCC_OPTIMIZATION_LEVEL = 0;
				GCC_PREPROCESSOR_DEFINITIONS = (
					"DEBUG=1",
					"$(inherited)",
				);
				GCC_WARN_64_TO_32_BIT_CONVERSION = YES;
				GCC_WARN_ABOUT_RETURN_TYPE = YES_ERROR;
				GCC_WARN_UNDECLARED_SELECTOR = YES;
				GCC_WARN_UNINITIALIZED_AUTOS = YES_AGGRESSIVE;
				GCC_WARN_UNUSED_FUNCTION = YES;
				GCC_WARN_UNUSED_VARIABLE = YES;
				IPHONEOS_DEPLOYMENT_TARGET = 15.2;
				MTL_ENABLE_DEBUG_INFO = INCLUDE_SOURCE;
				MTL_FAST_MATH = YES;
				ONLY_ACTIVE_ARCH = YES;
				SDKROOT = iphoneos;
				SWIFT_ACTIVE_COMPILATION_CONDITIONS = DEBUG;
				SWIFT_OPTIMIZATION_LEVEL = "-Onone";
			};
			name = Debug;
		};
		E603EAB92846380B0066BD07 /* Release */ = {
			isa = XCBuildConfiguration;
			buildSettings = {
				ALWAYS_SEARCH_USER_PATHS = NO;
				CLANG_ANALYZER_NONNULL = YES;
				CLANG_ANALYZER_NUMBER_OBJECT_CONVERSION = YES_AGGRESSIVE;
				CLANG_CXX_LANGUAGE_STANDARD = "gnu++17";
				CLANG_CXX_LIBRARY = "libc++";
				CLANG_ENABLE_MODULES = YES;
				CLANG_ENABLE_OBJC_ARC = YES;
				CLANG_ENABLE_OBJC_WEAK = YES;
				CLANG_WARN_BLOCK_CAPTURE_AUTORELEASING = YES;
				CLANG_WARN_BOOL_CONVERSION = YES;
				CLANG_WARN_COMMA = YES;
				CLANG_WARN_CONSTANT_CONVERSION = YES;
				CLANG_WARN_DEPRECATED_OBJC_IMPLEMENTATIONS = YES;
				CLANG_WARN_DIRECT_OBJC_ISA_USAGE = YES_ERROR;
				CLANG_WARN_DOCUMENTATION_COMMENTS = YES;
				CLANG_WARN_EMPTY_BODY = YES;
				CLANG_WARN_ENUM_CONVERSION = YES;
				CLANG_WARN_INFINITE_RECURSION = YES;
				CLANG_WARN_INT_CONVERSION = YES;
				CLANG_WARN_NON_LITERAL_NULL_CONVERSION = YES;
				CLANG_WARN_OBJC_IMPLICIT_RETAIN_SELF = YES;
				CLANG_WARN_OBJC_LITERAL_CONVERSION = YES;
				CLANG_WARN_OBJC_ROOT_CLASS = YES_ERROR;
				CLANG_WARN_QUOTED_INCLUDE_IN_FRAMEWORK_HEADER = YES;
				CLANG_WARN_RANGE_LOOP_ANALYSIS = YES;
				CLANG_WARN_STRICT_PROTOTYPES = YES;
				CLANG_WARN_SUSPICIOUS_MOVE = YES;
				CLANG_WARN_UNGUARDED_AVAILABILITY = YES_AGGRESSIVE;
				CLANG_WARN_UNREACHABLE_CODE = YES;
				CLANG_WARN__DUPLICATE_METHOD_MATCH = YES;
				COPY_PHASE_STRIP = NO;
				DEBUG_INFORMATION_FORMAT = "dwarf-with-dsym";
				ENABLE_NS_ASSERTIONS = NO;
				ENABLE_STRICT_OBJC_MSGSEND = YES;
				GCC_C_LANGUAGE_STANDARD = gnu11;
				GCC_NO_COMMON_BLOCKS = YES;
				GCC_WARN_64_TO_32_BIT_CONVERSION = YES;
				GCC_WARN_ABOUT_RETURN_TYPE = YES_ERROR;
				GCC_WARN_UNDECLARED_SELECTOR = YES;
				GCC_WARN_UNINITIALIZED_AUTOS = YES_AGGRESSIVE;
				GCC_WARN_UNUSED_FUNCTION = YES;
				GCC_WARN_UNUSED_VARIABLE = YES;
				IPHONEOS_DEPLOYMENT_TARGET = 15.2;
				MTL_ENABLE_DEBUG_INFO = NO;
				MTL_FAST_MATH = YES;
				SDKROOT = iphoneos;
				SWIFT_COMPILATION_MODE = wholemodule;
				SWIFT_OPTIMIZATION_LEVEL = "-O";
				VALIDATE_PRODUCT = YES;
			};
			name = Release;
		};
		E603EABB2846380B0066BD07 /* Debug */ = {
			isa = XCBuildConfiguration;
			buildSettings = {
				ASSETCATALOG_COMPILER_APPICON_NAME = AppIcon;
				ASSETCATALOG_COMPILER_GLOBAL_ACCENT_COLOR_NAME = AccentColor;
				CODE_SIGN_STYLE = Automatic;
				CURRENT_PROJECT_VERSION = 1;
				DEVELOPMENT_ASSET_PATHS = "\"PrismPriceCalculator/Preview Content\"";
				DEVELOPMENT_TEAM = 78X27C8U99;
				ENABLE_PREVIEWS = YES;
				GENERATE_INFOPLIST_FILE = YES;
				INFOPLIST_KEY_UIApplicationSceneManifest_Generation = YES;
				INFOPLIST_KEY_UIApplicationSupportsIndirectInputEvents = YES;
				INFOPLIST_KEY_UILaunchScreen_Generation = YES;
				INFOPLIST_KEY_UISupportedInterfaceOrientations_iPad = "UIInterfaceOrientationPortrait UIInterfaceOrientationPortraitUpsideDown UIInterfaceOrientationLandscapeLeft UIInterfaceOrientationLandscapeRight";
				INFOPLIST_KEY_UISupportedInterfaceOrientations_iPhone = "UIInterfaceOrientationPortrait UIInterfaceOrientationLandscapeLeft UIInterfaceOrientationLandscapeRight";
				LD_RUNPATH_SEARCH_PATHS = (
					"$(inherited)",
					"@executable_path/Frameworks",
				);
				MARKETING_VERSION = 1.0;
				PRODUCT_BUNDLE_IDENTIFIER = com.rtchubs.PrismPriceCalculator;
				PRODUCT_NAME = Store;
				SWIFT_EMIT_LOC_STRINGS = YES;
				SWIFT_VERSION = 5.0;
				TARGETED_DEVICE_FAMILY = "1,2";
			};
			name = Debug;
		};
		E603EABC2846380B0066BD07 /* Release */ = {
			isa = XCBuildConfiguration;
			buildSettings = {
				ASSETCATALOG_COMPILER_APPICON_NAME = AppIcon;
				ASSETCATALOG_COMPILER_GLOBAL_ACCENT_COLOR_NAME = AccentColor;
				CODE_SIGN_STYLE = Automatic;
				CURRENT_PROJECT_VERSION = 1;
				DEVELOPMENT_ASSET_PATHS = "\"PrismPriceCalculator/Preview Content\"";
				DEVELOPMENT_TEAM = 78X27C8U99;
				ENABLE_PREVIEWS = YES;
				GENERATE_INFOPLIST_FILE = YES;
				INFOPLIST_KEY_UIApplicationSceneManifest_Generation = YES;
				INFOPLIST_KEY_UIApplicationSupportsIndirectInputEvents = YES;
				INFOPLIST_KEY_UILaunchScreen_Generation = YES;
				INFOPLIST_KEY_UISupportedInterfaceOrientations_iPad = "UIInterfaceOrientationPortrait UIInterfaceOrientationPortraitUpsideDown UIInterfaceOrientationLandscapeLeft UIInterfaceOrientationLandscapeRight";
				INFOPLIST_KEY_UISupportedInterfaceOrientations_iPhone = "UIInterfaceOrientationPortrait UIInterfaceOrientationLandscapeLeft UIInterfaceOrientationLandscapeRight";
				LD_RUNPATH_SEARCH_PATHS = (
					"$(inherited)",
					"@executable_path/Frameworks",
				);
				MARKETING_VERSION = 1.0;
				PRODUCT_BUNDLE_IDENTIFIER = com.rtchubs.PrismPriceCalculator;
				PRODUCT_NAME = Store;
				SWIFT_EMIT_LOC_STRINGS = YES;
				SWIFT_VERSION = 5.0;
				TARGETED_DEVICE_FAMILY = "1,2";
			};
			name = Release;
		};
/* End XCBuildConfiguration section */

/* Begin XCConfigurationList section */
		E603EAA7284638090066BD07 /* Build configuration list for PBXProject "PrismPriceCalculator" */ = {
			isa = XCConfigurationList;
			buildConfigurations = (
				E603EAB82846380B0066BD07 /* Debug */,
				E603EAB92846380B0066BD07 /* Release */,
			);
			defaultConfigurationIsVisible = 0;
			defaultConfigurationName = Release;
		};
		E603EABA2846380B0066BD07 /* Build configuration list for PBXNativeTarget "PrismPriceCalculator" */ = {
			isa = XCConfigurationList;
			buildConfigurations = (
				E603EABB2846380B0066BD07 /* Debug */,
				E603EABC2846380B0066BD07 /* Release */,
			);
			defaultConfigurationIsVisible = 0;
			defaultConfigurationName = Release;
		};
/* End XCConfigurationList section */
	};
	rootObject = E603EAA4284638090066BD07 /* Project object */;
}
